// !$*UTF8*$!
{
	archiveVersion = 1;
	classes = {
	};
	objectVersion = 50;
	objects = {

/* Begin PBXBuildFile section */
		02BF230521DBB83C001B778F /* AppDelegate.swift in Sources */ = {isa = PBXBuildFile; fileRef = 02BF230421DBB83C001B778F /* AppDelegate.swift */; };
		02BF230721DBB83C001B778F /* ViewController.swift in Sources */ = {isa = PBXBuildFile; fileRef = 02BF230621DBB83C001B778F /* ViewController.swift */; };
		02BF230A21DBB83C001B778F /* Main.storyboard in Resources */ = {isa = PBXBuildFile; fileRef = 02BF230821DBB83C001B778F /* Main.storyboard */; };
		02BF230C21DBB83F001B778F /* Assets.xcassets in Resources */ = {isa = PBXBuildFile; fileRef = 02BF230B21DBB83F001B778F /* Assets.xcassets */; };
		02BF230F21DBB83F001B778F /* LaunchScreen.storyboard in Resources */ = {isa = PBXBuildFile; fileRef = 02BF230D21DBB83F001B778F /* LaunchScreen.storyboard */; };
/* End PBXBuildFile section */

/* Begin PBXFileReference section */
		02BF230121DBB83C001B778F /* Calculator Stack View.app */ = {isa = PBXFileReference; explicitFileType = wrapper.application; includeInIndex = 0; path = "Calculator Stack View.app"; sourceTree = BUILT_PRODUCTS_DIR; };
		02BF230421DBB83C001B778F /* AppDelegate.swift */ = {isa = PBXFileReference; lastKnownFileType = sourcecode.swift; path = AppDelegate.swift; sourceTree = "<group>"; };
		02BF230621DBB83C001B778F /* ViewController.swift */ = {isa = PBXFileReference; lastKnownFileType = sourcecode.swift; path = ViewController.swift; sourceTree = "<group>"; };
		02BF230921DBB83C001B778F /* Base */ = {isa = PBXFileReference; lastKnownFileType = file.storyboard; name = Base; path = Base.lproj/Main.storyboard; sourceTree = "<group>"; };
		02BF230B21DBB83F001B778F /* Assets.xcassets */ = {isa = PBXFileReference; lastKnownFileType = folder.assetcatalog; path = Assets.xcassets; sourceTree = "<group>"; };
		02BF230E21DBB83F001B778F /* Base */ = {isa = PBXFileReference; lastKnownFileType = file.storyboard; name = Base; path = Base.lproj/LaunchScreen.storyboard; sourceTree = "<group>"; };
		02BF231021DBB83F001B778F /* Info.plist */ = {isa = PBXFileReference; lastKnownFileType = text.plist.xml; path = Info.plist; sourceTree = "<group>"; };
/* End PBXFileReference section */

/* Begin PBXFrameworksBuildPhase section */
		02BF22FE21DBB83C001B778F /* Frameworks */ = {
			isa = PBXFrameworksBuildPhase;
			buildActionMask = 2147483647;
			files = (
			);
			runOnlyForDeploymentPostprocessing = 0;
		};
/* End PBXFrameworksBuildPhase section */

/* Begin PBXGroup section */
		02BF22F821DBB83C001B778F = {
			isa = PBXGroup;
			children = (
				02BF230321DBB83C001B778F /* Calculator Stack View */,
				02BF230221DBB83C001B778F /* Products */,
			);
			sourceTree = "<group>";
		};
		02BF230221DBB83C001B778F /* Products */ = {
			isa = PBXGroup;
			children = (
				02BF230121DBB83C001B778F /* Calculator Stack View.app */,
			);
			name = Products;
			sourceTree = "<group>";
		};
		02BF230321DBB83C001B778F /* Calculator Stack View */ = {
			isa = PBXGroup;
			children = (
				02BF230421DBB83C001B778F /* AppDelegate.swift */,
				02BF230621DBB83C001B778F /* ViewController.swift */,
				02BF230821DBB83C001B778F /* Main.storyboard */,
				02BF230B21DBB83F001B778F /* Assets.xcassets */,
				02BF230D21DBB83F001B778F /* LaunchScreen.storyboard */,
				02BF231021DBB83F001B778F /* Info.plist */,
			);
			path = "Calculator Stack View";
			sourceTree = "<group>";
		};
/* End PBXGroup section */

/* Begin PBXNativeTarget section */
		02BF230021DBB83C001B778F /* Calculator Stack View */ = {
			isa = PBXNativeTarget;
			buildConfigurationList = 02BF231321DBB83F001B778F /* Build configuration list for PBXNativeTarget "Calculator Stack View" */;
			buildPhases = (
				02BF22FD21DBB83C001B778F /* Sources */,
				02BF22FE21DBB83C001B778F /* Frameworks */,
				02BF22FF21DBB83C001B778F /* Resources */,
			);
			buildRules = (
			);
			dependencies = (
			);
			name = "Calculator Stack View";
			productName = "Calculator Stack View";
			productReference = 02BF230121DBB83C001B778F /* Calculator Stack View.app */;
			productType = "com.apple.product-type.application";
		};
/* End PBXNativeTarget section */

/* Begin PBXProject section */
		02BF22F921DBB83C001B778F /* Project object */ = {
			isa = PBXProject;
			attributes = {
				LastSwiftUpdateCheck = 1010;
				LastUpgradeCheck = 1010;
				ORGANIZATIONNAME = "Nicholas Feanny";
				TargetAttributes = {
					02BF230021DBB83C001B778F = {
						CreatedOnToolsVersion = 10.1;
					};
				};
			};
			buildConfigurationList = 02BF22FC21DBB83C001B778F /* Build configuration list for PBXProject "Calculator Stack View" */;
			compatibilityVersion = "Xcode 9.3";
			developmentRegion = en;
			hasScannedForEncodings = 0;
			knownRegions = (
				en,
				Base,
			);
			mainGroup = 02BF22F821DBB83C001B778F;
			productRefGroup = 02BF230221DBB83C001B778F /* Products */;
			projectDirPath = "";
			projectRoot = "";
			targets = (
				02BF230021DBB83C001B778F /* Calculator Stack View */,
			);
		};
/* End PBXProject section */

/* Begin PBXResourcesBuildPhase section */
		02BF22FF21DBB83C001B778F /* Resources */ = {
			isa = PBXResourcesBuildPhase;
			buildActionMask = 2147483647;
			files = (
				02BF230F21DBB83F001B778F /* LaunchScreen.storyboard in Resources */,
				02BF230C21DBB83F001B778F /* Assets.xcassets in Resources */,
				02BF230A21DBB83C001B778F /* Main.storyboard in Resources */,
			);
			runOnlyForDeploymentPostprocessing = 0;
		};
/* End PBXResourcesBuildPhase section */

/* Begin PBXSourcesBuildPhase section */
		02BF22FD21DBB83C001B778F /* Sources */ = {
			isa = PBXSourcesBuildPhase;
			buildActionMask = 2147483647;
			files = (
				02BF230721DBB83C001B778F /* ViewController.swift in Sources */,
				02BF230521DBB83C001B778F /* AppDelegate.swift in Sources */,
			);
			runOnlyForDeploymentPostprocessing = 0;
		};
/* End PBXSourcesBuildPhase section */

/* Begin PBXVariantGroup section */
		02BF230821DBB83C001B778F /* Main.storyboard */ = {
			isa = PBXVariantGroup;
			children = (
				02BF230921DBB83C001B778F /* Base */,
			);
			name = Main.storyboard;
			sourceTree = "<group>";
		};
		02BF230D21DBB83F001B778F /* LaunchScreen.storyboard */ = {
			isa = PBXVariantGroup;
			children = (
				02BF230E21DBB83F001B778F /* Base */,
			);
			name = LaunchScreen.storyboard;
			sourceTree = "<group>";
		};
/* End PBXVariantGroup section */

/* Begin XCBuildConfiguration section */
		02BF231121DBB83F001B778F /* Debug */ = {
			isa = XCBuildConfiguration;
			buildSettings = {
				ALWAYS_SEARCH_USER_PATHS = NO;
				CLANG_ANALYZER_NONNULL = YES;
				CLANG_ANALYZER_NUMBER_OBJECT_CONVERSION = YES_AGGRESSIVE;
				CLANG_CXX_LANGUAGE_STANDARD = "gnu++14";
				CLANG_CXX_LIBRARY = "libc++";
				CLANG_ENABLE_MODULES = YES;
				CLANG_ENABLE_OBJC_ARC = YES;
				CLANG_ENABLE_OBJC_WEAK = YES;
				CLANG_WARN_BLOCK_CAPTURE_AUTORELEASING = YES;
				CLANG_WARN_BOOL_CONVERSION = YES;
				CLANG_WARN_COMMA = YES;
				CLANG_WARN_CONSTANT_CONVERSION = YES;
				CLANG_WARN_DEPRECATED_OBJC_IMPLEMENTATIONS = YES;
				CLANG_WARN_DIRECT_OBJC_ISA_USAGE = YES_ERROR;
				CLANG_WARN_DOCUMENTATION_COMMENTS = YES;
				CLANG_WARN_EMPTY_BODY = YES;
				CLANG_WARN_ENUM_CONVERSION = YES;
				CLANG_WARN_INFINITE_RECURSION = YES;
				CLANG_WARN_INT_CONVERSION = YES;
				CLANG_WARN_NON_LITERAL_NULL_CONVERSION = YES;
				CLANG_WARN_OBJC_IMPLICIT_RETAIN_SELF = YES;
				CLANG_WARN_OBJC_LITERAL_CONVERSION = YES;
				CLANG_WARN_OBJC_ROOT_CLASS = YES_ERROR;
				CLANG_WARN_RANGE_LOOP_ANALYSIS = YES;
				CLANG_WARN_STRICT_PROTOTYPES = YES;
				CLANG_WARN_SUSPICIOUS_MOVE = YES;
				CLANG_WARN_UNGUARDED_AVAILABILITY = YES_AGGRESSIVE;
				CLANG_WARN_UNREACHABLE_CODE = YES;
				CLANG_WARN__DUPLICATE_METHOD_MATCH = YES;
				CODE_SIGN_IDENTITY = "iPhone Developer";
				COPY_PHASE_STRIP = NO;
				DEBUG_INFORMATION_FORMAT = dwarf;
				ENABLE_STRICT_OBJC_MSGSEND = YES;
				ENABLE_TESTABILITY = YES;
				GCC_C_LANGUAGE_STANDARD = gnu11;
				GCC_DYNAMIC_NO_PIC = NO;
				GCC_NO_COMMON_BLOCKS = YES;
				GCC_OPTIMIZATION_LEVEL = 0;
				GCC_PREPROCESSOR_DEFINITIONS = (
					"DEBUG=1",
					"$(inherited)",
				);
				GCC_WARN_64_TO_32_BIT_CONVERSION = YES;
				GCC_WARN_ABOUT_RETURN_TYPE = YES_ERROR;
				GCC_WARN_UNDECLARED_SELECTOR = YES;
				GCC_WARN_UNINITIALIZED_AUTOS = YES_AGGRESSIVE;
				GCC_WARN_UNUSED_FUNCTION = YES;
				GCC_WARN_UNUSED_VARIABLE = YES;
				IPHONEOS_DEPLOYMENT_TARGET = 12.1;
				MTL_ENABLE_DEBUG_INFO = INCLUDE_SOURCE;
				MTL_FAST_MATH = YES;
				ONLY_ACTIVE_ARCH = YES;
				SDKROOT = iphoneos;
				SWIFT_ACTIVE_COMPILATION_CONDITIONS = DEBUG;
				SWIFT_OPTIMIZATION_LEVEL = "-Onone";
			};
			name = Debug;
		};
		02BF231221DBB83F001B778F /* Release */ = {
			isa = XCBuildConfiguration;
			buildSettings = {
				ALWAYS_SEARCH_USER_PATHS = NO;
				CLANG_ANALYZER_NONNULL = YES;
				CLANG_ANALYZER_NUMBER_OBJECT_CONVERSION = YES_AGGRESSIVE;
				CLANG_CXX_LANGUAGE_STANDARD = "gnu++14";
				CLANG_CXX_LIBRARY = "libc++";
				CLANG_ENABLE_MODULES = YES;
				CLANG_ENABLE_OBJC_ARC = YES;
				CLANG_ENABLE_OBJC_WEAK = YES;
				CLANG_WARN_BLOCK_CAPTURE_AUTORELEASING = YES;
				CLANG_WARN_BOOL_CONVERSION = YES;
				CLANG_WARN_COMMA = YES;
				CLANG_WARN_CONSTANT_CONVERSION = YES;
				CLANG_WARN_DEPRECATED_OBJC_IMPLEMENTATIONS = YES;
				CLANG_WARN_DIRECT_OBJC_ISA_USAGE = YES_ERROR;
				CLANG_WARN_DOCUMENTATION_COMMENTS = YES;
				CLANG_WARN_EMPTY_BODY = YES;
				CLANG_WARN_ENUM_CONVERSION = YES;
				CLANG_WARN_INFINITE_RECURSION = YES;
				CLANG_WARN_INT_CONVERSION = YES;
				CLANG_WARN_NON_LITERAL_NULL_CONVERSION = YES;
				CLANG_WARN_OBJC_IMPLICIT_RETAIN_SELF = YES;
				CLANG_WARN_OBJC_LITERAL_CONVERSION = YES;
				CLANG_WARN_OBJC_ROOT_CLASS = YES_ERROR;
				CLANG_WARN_RANGE_LOOP_ANALYSIS = YES;
				CLANG_WARN_STRICT_PROTOTYPES = YES;
				CLANG_WARN_SUSPICIOUS_MOVE = YES;
				CLANG_WARN_UNGUARDED_AVAILABILITY = YES_AGGRESSIVE;
				CLANG_WARN_UNREACHABLE_CODE = YES;
				CLANG_WARN__DUPLICATE_METHOD_MATCH = YES;
				CODE_SIGN_IDENTITY = "iPhone Developer";
				COPY_PHASE_STRIP = NO;
				DEBUG_INFORMATION_FORMAT = "dwarf-with-dsym";
				ENABLE_NS_ASSERTIONS = NO;
				ENABLE_STRICT_OBJC_MSGSEND = YES;
				GCC_C_LANGUAGE_STANDARD = gnu11;
				GCC_NO_COMMON_BLOCKS = YES;
				GCC_WARN_64_TO_32_BIT_CONVERSION = YES;
				GCC_WARN_ABOUT_RETURN_TYPE = YES_ERROR;
				GCC_WARN_UNDECLARED_SELECTOR = YES;
				GCC_WARN_UNINITIALIZED_AUTOS = YES_AGGRESSIVE;
				GCC_WARN_UNUSED_FUNCTION = YES;
				GCC_WARN_UNUSED_VARIABLE = YES;
				IPHONEOS_DEPLOYMENT_TARGET = 12.1;
				MTL_ENABLE_DEBUG_INFO = NO;
				MTL_FAST_MATH = YES;
				SDKROOT = iphoneos;
				SWIFT_COMPILATION_MODE = wholemodule;
				SWIFT_OPTIMIZATION_LEVEL = "-O";
				VALIDATE_PRODUCT = YES;
			};
			name = Release;
		};
		02BF231421DBB83F001B778F /* Debug */ = {
			isa = XCBuildConfiguration;
			buildSettings = {
				ASSETCATALOG_COMPILER_APPICON_NAME = AppIcon;
				CODE_SIGN_STYLE = Automatic;
				DEVELOPMENT_TEAM = J48CN42FKD;
				INFOPLIST_FILE = "Calculator Stack View/Info.plist";
				LD_RUNPATH_SEARCH_PATHS = (
					"$(inherited)",
					"@executable_path/Frameworks",
				);
				PRODUCT_BUNDLE_IDENTIFIER = "com.nicholasfeanny.Calculator-Stack-View";
				PRODUCT_NAME = "$(TARGET_NAME)";
				SWIFT_VERSION = 4.2;
				TARGETED_DEVICE_FAMILY = "1,2";
			};
			name = Debug;
		};
		02BF231521DBB83F001B778F /* Release */ = {
			isa = XCBuildConfiguration;
			buildSettings = {
				ASSETCATALOG_COMPILER_APPICON_NAME = AppIcon;
				CODE_SIGN_STYLE = Automatic;
				DEVELOPMENT_TEAM = J48CN42FKD;
				INFOPLIST_FILE = "Calculator Stack View/Info.plist";
				LD_RUNPATH_SEARCH_PATHS = (
					"$(inherited)",
					"@executable_path/Frameworks",
				);
				PRODUCT_BUNDLE_IDENTIFIER = "com.nicholasfeanny.Calculator-Stack-View";
				PRODUCT_NAME = "$(TARGET_NAME)";
				SWIFT_VERSION = 4.2;
				TARGETED_DEVICE_FAMILY = "1,2";
			};
			name = Release;
		};
/* End XCBuildConfiguration section */

/* Begin XCConfigurationList section */
		02BF22FC21DBB83C001B778F /* Build configuration list for PBXProject "Calculator Stack View" */ = {
			isa = XCConfigurationList;
			buildConfigurations = (
				02BF231121DBB83F001B778F /* Debug */,
				02BF231221DBB83F001B778F /* Release */,
			);
			defaultConfigurationIsVisible = 0;
			defaultConfigurationName = Release;
		};
		02BF231321DBB83F001B778F /* Build configuration list for PBXNativeTarget "Calculator Stack View" */ = {
			isa = XCConfigurationList;
			buildConfigurations = (
				02BF231421DBB83F001B778F /* Debug */,
				02BF231521DBB83F001B778F /* Release */,
			);
			defaultConfigurationIsVisible = 0;
			defaultConfigurationName = Release;
		};
/* End XCConfigurationList section */
	};
	rootObject = 02BF22F921DBB83C001B778F /* Project object */;
}
